dependencies:
- name: keycloak
  repository: oci://registry-1.docker.io/cloudpirates
  version: 0.21.9
- name: postgres
  repository: oci://registry-1.docker.io/cloudpirates
  version: 0.19.5
- name: seaweedfs
  repository: https://seaweedfs.github.io/seaweedfs/helm
  version: 4.37.0
digest: sha256:a534c8b10c58f19a561d65340e4fc222fa715dbab5599af92aaa70ab4c4c20fd
generated: "2026-06-29T13:11:26.918653469+02:00"
